// !$*UTF8*$!
{
	archiveVersion = 1;
	classes = {
	};
	objectVersion = 52;
	objects = {

/* Begin PBXBuildFile section */
		5517EF18216F2DA600828501 /* Cocoa.framework in Frameworks */ = {isa = PBXBuildFile; fileRef = 5517EF17216F2DA600828501 /* Cocoa.framework */; };
		5517EF1B216F2DA600828501 /* SafariExtensionHandler.swift in Sources */ = {isa = PBXBuildFile; fileRef = 5517EF1A216F2DA600828501 /* SafariExtensionHandler.swift */; };
		5517EF1D216F2DA600828501 /* SafariExtensionViewController.swift in Sources */ = {isa = PBXBuildFile; fileRef = 5517EF1C216F2DA600828501 /* SafariExtensionViewController.swift */; };
		5517EF20216F2DA600828501 /* SafariExtensionViewController.xib in Resources */ = {isa = PBXBuildFile; fileRef = 5517EF1E216F2DA600828501 /* SafariExtensionViewController.xib */; };
		5517EF23216F2DA600828501 /* script.js in Resources */ = {isa = PBXBuildFile; fileRef = 5517EF22216F2DA600828501 /* script.js */; };
		5517EF25216F2DA600828501 /* ToolbarItemIcon.pdf in Resources */ = {isa = PBXBuildFile; fileRef = 5517EF24216F2DA600828501 /* ToolbarItemIcon.pdf */; };
		5517EF29216F2DA600828501 /* HatebLine for Safari.appex in Embed App Extensions */ = {isa = PBXBuildFile; fileRef = 5517EF16216F2DA600828501 /* HatebLine for Safari.appex */; settings = {ATTRIBUTES = (RemoveHeadersOnCopy, ); }; };
		551DB4FB1C42CD0300B198A8 /* Bookmark.swift in Sources */ = {isa = PBXBuildFile; fileRef = 551DB4F91C42CD0300B198A8 /* Bookmark.swift */; };
		551DB5011C4374F400B198A8 /* User.swift in Sources */ = {isa = PBXBuildFile; fileRef = 551DB4FE1C4374F400B198A8 /* User.swift */; };
		551DB5051C437E4500B198A8 /* User+CoreDataProperties.swift in Sources */ = {isa = PBXBuildFile; fileRef = 551DB5031C437E4500B198A8 /* User+CoreDataProperties.swift */; };
		551E72041C5267FC00C366EF /* AccountPrefViewController.swift in Sources */ = {isa = PBXBuildFile; fileRef = 551E72031C5267FC00C366EF /* AccountPrefViewController.swift */; };
		551E72071C52682200C366EF /* NotificationPrefViewController.swift in Sources */ = {isa = PBXBuildFile; fileRef = 551E72061C52682200C366EF /* NotificationPrefViewController.swift */; };
		552251681C5D1133004C2B48 /* QuickLookWebViewController.swift in Sources */ = {isa = PBXBuildFile; fileRef = 552251671C5D1133004C2B48 /* QuickLookWebViewController.swift */; };
		552453731C4E1E9E00F4EAA1 /* WebViewController.swift in Sources */ = {isa = PBXBuildFile; fileRef = 552453721C4E1E9E00F4EAA1 /* WebViewController.swift */; };
		552453751C4E211B00F4EAA1 /* WebKit.framework in Frameworks */ = {isa = PBXBuildFile; fileRef = 552453741C4E211B00F4EAA1 /* WebKit.framework */; };
		552F4A1B1C5C6100006962E9 /* Tag+CoreDataProperties.swift in Sources */ = {isa = PBXBuildFile; fileRef = 552F4A191C5C6100006962E9 /* Tag+CoreDataProperties.swift */; };
		552F4A1C1C5C6100006962E9 /* Tag.swift in Sources */ = {isa = PBXBuildFile; fileRef = 552F4A1A1C5C6100006962E9 /* Tag.swift */; };
		552F4A1E1C5C624A006962E9 /* Bookmark+CoreDataProperties.swift in Sources */ = {isa = PBXBuildFile; fileRef = 552F4A1D1C5C624A006962E9 /* Bookmark+CoreDataProperties.swift */; };
		55415B6E1C3961F90079B118 /* AppDelegate.swift in Sources */ = {isa = PBXBuildFile; fileRef = 55415B6D1C3961F90079B118 /* AppDelegate.swift */; };
		55415B711C3961F90079B118 /* HatebLine.xcdatamodeld in Sources */ = {isa = PBXBuildFile; fileRef = 55415B6F1C3961F90079B118 /* HatebLine.xcdatamodeld */; };
		55415B731C3961F90079B118 /* Assets.xcassets in Resources */ = {isa = PBXBuildFile; fileRef = 55415B721C3961F90079B118 /* Assets.xcassets */; };
		55415B811C3961F90079B118 /* HatebLineTests.swift in Sources */ = {isa = PBXBuildFile; fileRef = 55415B801C3961F90079B118 /* HatebLineTests.swift */; };
		55415B8C1C3961F90079B118 /* HatebLineUITests.swift in Sources */ = {isa = PBXBuildFile; fileRef = 55415B8B1C3961F90079B118 /* HatebLineUITests.swift */; };
		55415BA01C3A3C880079B118 /* RSSParser.swift in Sources */ = {isa = PBXBuildFile; fileRef = 55415B9F1C3A3C880079B118 /* RSSParser.swift */; };
		5542D74E1C5DB0F40056CA91 /* TablePopoverSegue.swift in Sources */ = {isa = PBXBuildFile; fileRef = 5542D74D1C5DB0F40056CA91 /* TablePopoverSegue.swift */; };
		5542D7501C5F195D0056CA91 /* ManyNumberToColorTransformer.swift in Sources */ = {isa = PBXBuildFile; fileRef = 5542D74F1C5F195D0056CA91 /* ManyNumberToColorTransformer.swift */; };
		55556F511C4FD33600419440 /* GrowingTextField.swift in Sources */ = {isa = PBXBuildFile; fileRef = 55556F501C4FD33600419440 /* GrowingTextField.swift */; };
		555BC14726500DFB00715457 /* Alamofire in Frameworks */ = {isa = PBXBuildFile; productRef = 555BC14626500DFB00715457 /* Alamofire */; };
		555BC14D26500E0E00715457 /* AlamofireImage in Frameworks */ = {isa = PBXBuildFile; productRef = 555BC14C26500E0E00715457 /* AlamofireImage */; };
		555BC15026500FD200715457 /* Himotoki in Frameworks */ = {isa = PBXBuildFile; productRef = 555BC14F26500FD200715457 /* Himotoki */; };
		555BC15E2650102600715457 /* Alamofire in Frameworks */ = {isa = PBXBuildFile; productRef = 555BC15D2650102600715457 /* Alamofire */; };
		557906871C656507003DA09F /* Acknowledgments.rtf in Resources */ = {isa = PBXBuildFile; fileRef = 557906861C656507003DA09F /* Acknowledgments.rtf */; };
		557906891C656525003DA09F /* AcknowledgmentsViewController.swift in Sources */ = {isa = PBXBuildFile; fileRef = 557906881C656525003DA09F /* AcknowledgmentsViewController.swift */; };
		559848712650125100B07B5A /* Question in Frameworks */ = {isa = PBXBuildFile; productRef = 559848702650125100B07B5A /* Question */; };
		5598488D2650BC1A00B07B5A /* Config.swift in Sources */ = {isa = PBXBuildFile; fileRef = 5598488C2650BC1A00B07B5A /* Config.swift */; };
		55AB0D8E1C63146E00132CE0 /* CommentsViewController.swift in Sources */ = {isa = PBXBuildFile; fileRef = 55AB0D8D1C63146E00132CE0 /* CommentsViewController.swift */; };
		55AB0D951C63828D00132CE0 /* CommentCellView.swift in Sources */ = {isa = PBXBuildFile; fileRef = 55AB0D941C63828D00132CE0 /* CommentCellView.swift */; };
		55D2E73C1C51DC76006D2475 /* Page+CoreDataProperties.swift in Sources */ = {isa = PBXBuildFile; fileRef = 55D2E7381C51DC75006D2475 /* Page+CoreDataProperties.swift */; };
		55D2E73D1C51DC76006D2475 /* Page.swift in Sources */ = {isa = PBXBuildFile; fileRef = 55D2E7391C51DC75006D2475 /* Page.swift */; };
		55D2E7411C51FDBE006D2475 /* JKTableView.swift in Sources */ = {isa = PBXBuildFile; fileRef = 55D2E7401C51FDBE006D2475 /* JKTableView.swift */; };
		55D2E7441C523187006D2475 /* NSDate+Extension.swift in Sources */ = {isa = PBXBuildFile; fileRef = 55D2E7421C523187006D2475 /* NSDate+Extension.swift */; };
		55D2E7451C523187006D2475 /* NSDateTimeAgo.bundle in Resources */ = {isa = PBXBuildFile; fileRef = 55D2E7431C523187006D2475 /* NSDateTimeAgo.bundle */; };
		55D74DC221CA36F30001D2E3 /* NSImage+Extension.swift in Sources */ = {isa = PBXBuildFile; fileRef = 55D74DC121CA36F20001D2E3 /* NSImage+Extension.swift */; };
		55DE81BC1C6CA07A008D8392 /* GeneralPrefViewController.swift in Sources */ = {isa = PBXBuildFile; fileRef = 55DE81BB1C6CA07A008D8392 /* GeneralPrefViewController.swift */; };
		55E079CA1C3CFBD900A72C05 /* BookmarkCellView.swift in Sources */ = {isa = PBXBuildFile; fileRef = 55E079C91C3CFBD900A72C05 /* BookmarkCellView.swift */; };
		55E9B8DC1C3FE42F00742E49 /* TimelineViewController.swift in Sources */ = {isa = PBXBuildFile; fileRef = 55E9B8DB1C3FE42F00742E49 /* TimelineViewController.swift */; };
		55E9B8DE1C3FE9C400742E49 /* MainWindowController.swift in Sources */ = {isa = PBXBuildFile; fileRef = 55E9B8DD1C3FE9C400742E49 /* MainWindowController.swift */; };
		55EC3B021C6C7DA4009EB474 /* SharedUserDefaultsControllerProxy.swift in Sources */ = {isa = PBXBuildFile; fileRef = 55EC3B011C6C7DA4009EB474 /* SharedUserDefaultsControllerProxy.swift */; };
		55F8E5BC1C658B71009D2F79 /* Helper.swift in Sources */ = {isa = PBXBuildFile; fileRef = 55F8E5BB1C658B71009D2F79 /* Helper.swift */; };
		55FA8FC41C3FC77600F9C5E5 /* Storyboard.storyboard in Resources */ = {isa = PBXBuildFile; fileRef = 55FA8FC31C3FC77600F9C5E5 /* Storyboard.storyboard */; };
/* End PBXBuildFile section */

/* Begin PBXContainerItemProxy section */
		5517EF27216F2DA600828501 /* PBXContainerItemProxy */ = {
			isa = PBXContainerItemProxy;
			containerPortal = 55415B621C3961F90079B118 /* Project object */;
			proxyType = 1;
			remoteGlobalIDString = 5517EF15216F2DA600828501;
			remoteInfo = "HatebLine for Safari";
		};
		55415B7D1C3961F90079B118 /* PBXContainerItemProxy */ = {
			isa = PBXContainerItemProxy;
			containerPortal = 55415B621C3961F90079B118 /* Project object */;
			proxyType = 1;
			remoteGlobalIDString = 55415B691C3961F90079B118;
			remoteInfo = HatebLine;
		};
		55415B881C3961F90079B118 /* PBXContainerItemProxy */ = {
			isa = PBXContainerItemProxy;
			containerPortal = 55415B621C3961F90079B118 /* Project object */;
			proxyType = 1;
			remoteGlobalIDString = 55415B691C3961F90079B118;
			remoteInfo = HatebLine;
		};
/* End PBXContainerItemProxy section */

/* Begin PBXCopyFilesBuildPhase section */
		5517EF2D216F2DA600828501 /* Embed App Extensions */ = {
			isa = PBXCopyFilesBuildPhase;
			buildActionMask = 2147483647;
			dstPath = "";
			dstSubfolderSpec = 13;
			files = (
				5517EF29216F2DA600828501 /* HatebLine for Safari.appex in Embed App Extensions */,
			);
			name = "Embed App Extensions";
			runOnlyForDeploymentPostprocessing = 0;
		};
		55415B9E1C3962970079B118 /* Embed Frameworks */ = {
			isa = PBXCopyFilesBuildPhase;
			buildActionMask = 2147483647;
			dstPath = "";
			dstSubfolderSpec = 10;
			files = (
			);
			name = "Embed Frameworks";
			runOnlyForDeploymentPostprocessing = 0;
		};
/* End PBXCopyFilesBuildPhase section */

/* Begin PBXFileReference section */
		5517EF16216F2DA600828501 /* HatebLine for Safari.appex */ = {isa = PBXFileReference; explicitFileType = "wrapper.app-extension"; includeInIndex = 0; path = "HatebLine for Safari.appex"; sourceTree = BUILT_PRODUCTS_DIR; };
		5517EF17216F2DA600828501 /* Cocoa.framework */ = {isa = PBXFileReference; lastKnownFileType = wrapper.framework; name = Cocoa.framework; path = System/Library/Frameworks/Cocoa.framework; sourceTree = SDKROOT; };
		5517EF1A216F2DA600828501 /* SafariExtensionHandler.swift */ = {isa = PBXFileReference; lastKnownFileType = sourcecode.swift; path = SafariExtensionHandler.swift; sourceTree = "<group>"; };
		5517EF1C216F2DA600828501 /* SafariExtensionViewController.swift */ = {isa = PBXFileReference; lastKnownFileType = sourcecode.swift; path = SafariExtensionViewController.swift; sourceTree = "<group>"; };
		5517EF1F216F2DA600828501 /* Base */ = {isa = PBXFileReference; lastKnownFileType = file.xib; name = Base; path = Base.lproj/SafariExtensionViewController.xib; sourceTree = "<group>"; };
		5517EF21216F2DA600828501 /* Info.plist */ = {isa = PBXFileReference; lastKnownFileType = text.plist.xml; path = Info.plist; sourceTree = "<group>"; };
		5517EF22216F2DA600828501 /* script.js */ = {isa = PBXFileReference; lastKnownFileType = sourcecode.javascript; path = script.js; sourceTree = "<group>"; };
		5517EF24216F2DA600828501 /* ToolbarItemIcon.pdf */ = {isa = PBXFileReference; lastKnownFileType = image.pdf; path = ToolbarItemIcon.pdf; sourceTree = "<group>"; };
		5517EF26216F2DA600828501 /* HatebLine_for_Safari.entitlements */ = {isa = PBXFileReference; lastKnownFileType = text.plist.entitlements; path = HatebLine_for_Safari.entitlements; sourceTree = "<group>"; };
		551DB4F91C42CD0300B198A8 /* Bookmark.swift */ = {isa = PBXFileReference; fileEncoding = 4; lastKnownFileType = sourcecode.swift; name = Bookmark.swift; path = Models/Bookmark.swift; sourceTree = "<group>"; };
		551DB4FE1C4374F400B198A8 /* User.swift */ = {isa = PBXFileReference; fileEncoding = 4; lastKnownFileType = sourcecode.swift; name = User.swift; path = Models/User.swift; sourceTree = "<group>"; };
		551DB5031C437E4500B198A8 /* User+CoreDataProperties.swift */ = {isa = PBXFileReference; fileEncoding = 4; lastKnownFileType = sourcecode.swift; name = "User+CoreDataProperties.swift"; path = "Models/User+CoreDataProperties.swift"; sourceTree = "<group>"; };
		551E72031C5267FC00C366EF /* AccountPrefViewController.swift */ = {isa = PBXFileReference; fileEncoding = 4; lastKnownFileType = sourcecode.swift; path = AccountPrefViewController.swift; sourceTree = "<group>"; };
		551E72061C52682200C366EF /* NotificationPrefViewController.swift */ = {isa = PBXFileReference; fileEncoding = 4; lastKnownFileType = sourcecode.swift; path = NotificationPrefViewController.swift; sourceTree = "<group>"; };
		552251671C5D1133004C2B48 /* QuickLookWebViewController.swift */ = {isa = PBXFileReference; fileEncoding = 4; lastKnownFileType = sourcecode.swift; path = QuickLookWebViewController.swift; sourceTree = "<group>"; };
		552453721C4E1E9E00F4EAA1 /* WebViewController.swift */ = {isa = PBXFileReference; fileEncoding = 4; lastKnownFileType = sourcecode.swift; path = WebViewController.swift; sourceTree = "<group>"; };
		552453741C4E211B00F4EAA1 /* WebKit.framework */ = {isa = PBXFileReference; lastKnownFileType = wrapper.framework; name = WebKit.framework; path = System/Library/Frameworks/WebKit.framework; sourceTree = SDKROOT; };
		552F4A191C5C6100006962E9 /* Tag+CoreDataProperties.swift */ = {isa = PBXFileReference; fileEncoding = 4; lastKnownFileType = sourcecode.swift; name = "Tag+CoreDataProperties.swift"; path = "Models/Tag+CoreDataProperties.swift"; sourceTree = "<group>"; };
		552F4A1A1C5C6100006962E9 /* Tag.swift */ = {isa = PBXFileReference; fileEncoding = 4; lastKnownFileType = sourcecode.swift; name = Tag.swift; path = Models/Tag.swift; sourceTree = "<group>"; };
		552F4A1D1C5C624A006962E9 /* Bookmark+CoreDataProperties.swift */ = {isa = PBXFileReference; fileEncoding = 4; lastKnownFileType = sourcecode.swift; name = "Bookmark+CoreDataProperties.swift"; path = "Models/Bookmark+CoreDataProperties.swift"; sourceTree = "<group>"; };
		55415B6A1C3961F90079B118 /* HatebLine.app */ = {isa = PBXFileReference; explicitFileType = wrapper.application; includeInIndex = 0; path = HatebLine.app; sourceTree = BUILT_PRODUCTS_DIR; };
		55415B6D1C3961F90079B118 /* AppDelegate.swift */ = {isa = PBXFileReference; lastKnownFileType = sourcecode.swift; path = AppDelegate.swift; sourceTree = "<group>"; };
		55415B701C3961F90079B118 /* HatebLine.xcdatamodel */ = {isa = PBXFileReference; lastKnownFileType = wrapper.xcdatamodel; path = HatebLine.xcdatamodel; sourceTree = "<group>"; };
		55415B721C3961F90079B118 /* Assets.xcassets */ = {isa = PBXFileReference; lastKnownFileType = folder.assetcatalog; path = Assets.xcassets; sourceTree = "<group>"; };
		55415B771C3961F90079B118 /* Info.plist */ = {isa = PBXFileReference; lastKnownFileType = text.plist.xml; path = Info.plist; sourceTree = "<group>"; };
		55415B7C1C3961F90079B118 /* HatebLineTests.xctest */ = {isa = PBXFileReference; explicitFileType = wrapper.cfbundle; includeInIndex = 0; path = HatebLineTests.xctest; sourceTree = BUILT_PRODUCTS_DIR; };
		55415B801C3961F90079B118 /* HatebLineTests.swift */ = {isa = PBXFileReference; lastKnownFileType = sourcecode.swift; path = HatebLineTests.swift; sourceTree = "<group>"; };
		55415B821C3961F90079B118 /* Info.plist */ = {isa = PBXFileReference; lastKnownFileType = text.plist.xml; path = Info.plist; sourceTree = "<group>"; };
		55415B871C3961F90079B118 /* HatebLineUITests.xctest */ = {isa = PBXFileReference; explicitFileType = wrapper.cfbundle; includeInIndex = 0; path = HatebLineUITests.xctest; sourceTree = BUILT_PRODUCTS_DIR; };
		55415B8B1C3961F90079B118 /* HatebLineUITests.swift */ = {isa = PBXFileReference; lastKnownFileType = sourcecode.swift; path = HatebLineUITests.swift; sourceTree = "<group>"; };
		55415B8D1C3961F90079B118 /* Info.plist */ = {isa = PBXFileReference; lastKnownFileType = text.plist.xml; path = Info.plist; sourceTree = "<group>"; };
		55415B9F1C3A3C880079B118 /* RSSParser.swift */ = {isa = PBXFileReference; fileEncoding = 4; lastKnownFileType = sourcecode.swift; path = RSSParser.swift; sourceTree = "<group>"; };
		5542D74D1C5DB0F40056CA91 /* TablePopoverSegue.swift */ = {isa = PBXFileReference; fileEncoding = 4; lastKnownFileType = sourcecode.swift; path = TablePopoverSegue.swift; sourceTree = "<group>"; };
		5542D74F1C5F195D0056CA91 /* ManyNumberToColorTransformer.swift */ = {isa = PBXFileReference; fileEncoding = 4; lastKnownFileType = sourcecode.swift; path = ManyNumberToColorTransformer.swift; sourceTree = "<group>"; };
		55556F501C4FD33600419440 /* GrowingTextField.swift */ = {isa = PBXFileReference; fileEncoding = 4; lastKnownFileType = sourcecode.swift; path = GrowingTextField.swift; sourceTree = "<group>"; };
		557906861C656507003DA09F /* Acknowledgments.rtf */ = {isa = PBXFileReference; fileEncoding = 4; lastKnownFileType = text.rtf; path = Acknowledgments.rtf; sourceTree = "<group>"; };
		557906881C656525003DA09F /* AcknowledgmentsViewController.swift */ = {isa = PBXFileReference; fileEncoding = 4; lastKnownFileType = sourcecode.swift; path = AcknowledgmentsViewController.swift; sourceTree = "<group>"; };
		5598488C2650BC1A00B07B5A /* Config.swift */ = {isa = PBXFileReference; lastKnownFileType = sourcecode.swift; path = Config.swift; sourceTree = "<group>"; };
		55AB0D8D1C63146E00132CE0 /* CommentsViewController.swift */ = {isa = PBXFileReference; fileEncoding = 4; lastKnownFileType = sourcecode.swift; path = CommentsViewController.swift; sourceTree = "<group>"; };
		55AB0D941C63828D00132CE0 /* CommentCellView.swift */ = {isa = PBXFileReference; fileEncoding = 4; lastKnownFileType = sourcecode.swift; path = CommentCellView.swift; sourceTree = "<group>"; };
		55D2E7381C51DC75006D2475 /* Page+CoreDataProperties.swift */ = {isa = PBXFileReference; fileEncoding = 4; lastKnownFileType = sourcecode.swift; name = "Page+CoreDataProperties.swift"; path = "Models/Page+CoreDataProperties.swift"; sourceTree = "<group>"; };
		55D2E7391C51DC75006D2475 /* Page.swift */ = {isa = PBXFileReference; fileEncoding = 4; lastKnownFileType = sourcecode.swift; name = Page.swift; path = Models/Page.swift; sourceTree = "<group>"; };
		55D2E7401C51FDBE006D2475 /* JKTableView.swift */ = {isa = PBXFileReference; fileEncoding = 4; lastKnownFileType = sourcecode.swift; path = JKTableView.swift; sourceTree = "<group>"; };
		55D2E7421C523187006D2475 /* NSDate+Extension.swift */ = {isa = PBXFileReference; fileEncoding = 4; lastKnownFileType = sourcecode.swift; path = "NSDate+Extension.swift"; sourceTree = "<group>"; };
		55D2E7431C523187006D2475 /* NSDateTimeAgo.bundle */ = {isa = PBXFileReference; lastKnownFileType = "wrapper.plug-in"; path = NSDateTimeAgo.bundle; sourceTree = "<group>"; };
		55D74DC121CA36F20001D2E3 /* NSImage+Extension.swift */ = {isa = PBXFileReference; lastKnownFileType = sourcecode.swift; path = "NSImage+Extension.swift"; sourceTree = "<group>"; };
		55DE81BB1C6CA07A008D8392 /* GeneralPrefViewController.swift */ = {isa = PBXFileReference; fileEncoding = 4; lastKnownFileType = sourcecode.swift; path = GeneralPrefViewController.swift; sourceTree = "<group>"; };
		55E079C91C3CFBD900A72C05 /* BookmarkCellView.swift */ = {isa = PBXFileReference; fileEncoding = 4; lastKnownFileType = sourcecode.swift; path = BookmarkCellView.swift; sourceTree = "<group>"; };
		55E9B8DB1C3FE42F00742E49 /* TimelineViewController.swift */ = {isa = PBXFileReference; fileEncoding = 4; lastKnownFileType = sourcecode.swift; path = TimelineViewController.swift; sourceTree = "<group>"; };
		55E9B8DD1C3FE9C400742E49 /* MainWindowController.swift */ = {isa = PBXFileReference; fileEncoding = 4; lastKnownFileType = sourcecode.swift; path = MainWindowController.swift; sourceTree = "<group>"; };
		55EC3B011C6C7DA4009EB474 /* SharedUserDefaultsControllerProxy.swift */ = {isa = PBXFileReference; fileEncoding = 4; lastKnownFileType = sourcecode.swift; path = SharedUserDefaultsControllerProxy.swift; sourceTree = "<group>"; };
		55F8E5BB1C658B71009D2F79 /* Helper.swift */ = {isa = PBXFileReference; fileEncoding = 4; lastKnownFileType = sourcecode.swift; path = Helper.swift; sourceTree = "<group>"; };
		55FA8FC31C3FC77600F9C5E5 /* Storyboard.storyboard */ = {isa = PBXFileReference; fileEncoding = 4; lastKnownFileType = file.storyboard; path = Storyboard.storyboard; sourceTree = "<group>"; };
/* End PBXFileReference section */

/* Begin PBXFrameworksBuildPhase section */
		5517EF13216F2DA600828501 /* Frameworks */ = {
			isa = PBXFrameworksBuildPhase;
			buildActionMask = 2147483647;
			files = (
				5517EF18216F2DA600828501 /* Cocoa.framework in Frameworks */,
				555BC15E2650102600715457 /* Alamofire in Frameworks */,
			);
			runOnlyForDeploymentPostprocessing = 0;
		};
		55415B671C3961F90079B118 /* Frameworks */ = {
			isa = PBXFrameworksBuildPhase;
			buildActionMask = 2147483647;
			files = (
				555BC15026500FD200715457 /* Himotoki in Frameworks */,
				552453751C4E211B00F4EAA1 /* WebKit.framework in Frameworks */,
				555BC14726500DFB00715457 /* Alamofire in Frameworks */,
				555BC14D26500E0E00715457 /* AlamofireImage in Frameworks */,
				559848712650125100B07B5A /* Question in Frameworks */,
			);
			runOnlyForDeploymentPostprocessing = 0;
		};
		55415B791C3961F90079B118 /* Frameworks */ = {
			isa = PBXFrameworksBuildPhase;
			buildActionMask = 2147483647;
			files = (
			);
			runOnlyForDeploymentPostprocessing = 0;
		};
		55415B841C3961F90079B118 /* Frameworks */ = {
			isa = PBXFrameworksBuildPhase;
			buildActionMask = 2147483647;
			files = (
			);
			runOnlyForDeploymentPostprocessing = 0;
		};
/* End PBXFrameworksBuildPhase section */

/* Begin PBXGroup section */
		5517EF19216F2DA600828501 /* HatebLine for Safari */ = {
			isa = PBXGroup;
			children = (
				5517EF1A216F2DA600828501 /* SafariExtensionHandler.swift */,
				5517EF1C216F2DA600828501 /* SafariExtensionViewController.swift */,
				5517EF1E216F2DA600828501 /* SafariExtensionViewController.xib */,
				5517EF21216F2DA600828501 /* Info.plist */,
				5517EF22216F2DA600828501 /* script.js */,
				5517EF24216F2DA600828501 /* ToolbarItemIcon.pdf */,
				5517EF26216F2DA600828501 /* HatebLine_for_Safari.entitlements */,
			);
			path = "HatebLine for Safari";
			sourceTree = "<group>";
		};
		551DB4FC1C42CD1A00B198A8 /* Models */ = {
			isa = PBXGroup;
			children = (
				55415B6F1C3961F90079B118 /* HatebLine.xcdatamodeld */,
				551DB5031C437E4500B198A8 /* User+CoreDataProperties.swift */,
				551DB4FE1C4374F400B198A8 /* User.swift */,
				552F4A1D1C5C624A006962E9 /* Bookmark+CoreDataProperties.swift */,
				551DB4F91C42CD0300B198A8 /* Bookmark.swift */,
				55D2E7381C51DC75006D2475 /* Page+CoreDataProperties.swift */,
				55D2E7391C51DC75006D2475 /* Page.swift */,
				552F4A191C5C6100006962E9 /* Tag+CoreDataProperties.swift */,
				552F4A1A1C5C6100006962E9 /* Tag.swift */,
			);
			name = Models;
			path = ..;
			sourceTree = "<group>";
		};
		551E72051C52680500C366EF /* Prefs */ = {
			isa = PBXGroup;
			children = (
				55DE81BB1C6CA07A008D8392 /* GeneralPrefViewController.swift */,
				551E72031C5267FC00C366EF /* AccountPrefViewController.swift */,
				551E72061C52682200C366EF /* NotificationPrefViewController.swift */,
			);
			name = Prefs;
			sourceTree = "<group>";
		};
		55415B611C3961F90079B118 = {
			isa = PBXGroup;
			children = (
				55415B6C1C3961F90079B118 /* HatebLine */,
				55415B7F1C3961F90079B118 /* HatebLineTests */,
				55415B8A1C3961F90079B118 /* HatebLineUITests */,
				5517EF19216F2DA600828501 /* HatebLine for Safari */,
				55415B9B1C3962780079B118 /* Frameworks */,
				55415B6B1C3961F90079B118 /* Products */,
			);
			sourceTree = "<group>";
		};
		55415B6B1C3961F90079B118 /* Products */ = {
			isa = PBXGroup;
			children = (
				55415B6A1C3961F90079B118 /* HatebLine.app */,
				55415B7C1C3961F90079B118 /* HatebLineTests.xctest */,
				55415B871C3961F90079B118 /* HatebLineUITests.xctest */,
				5517EF16216F2DA600828501 /* HatebLine for Safari.appex */,
			);
			name = Products;
			sourceTree = "<group>";
		};
		55415B6C1C3961F90079B118 /* HatebLine */ = {
			isa = PBXGroup;
			children = (
				551DB4FC1C42CD1A00B198A8 /* Models */,
				55556F521C4FD33C00419440 /* Views */,
				55C0AB7B21C08EBE00716637 /* Controllers */,
				55C0AB7C21C08F1900716637 /* Bootstrap */,
				55C0AB7D21C08F5F00716637 /* Utils */,
				55C0AB7A21C08E7200716637 /* Resources */,
				55C0AB7921C08AAC00716637 /* Helpers */,
				551E72051C52680500C366EF /* Prefs */,
				557906851C656507003DA09F /* Acknowledgments */,
			);
			path = HatebLine;
			sourceTree = "<group>";
		};
		55415B7F1C3961F90079B118 /* HatebLineTests */ = {
			isa = PBXGroup;
			children = (
				55415B801C3961F90079B118 /* HatebLineTests.swift */,
				55415B821C3961F90079B118 /* Info.plist */,
			);
			path = HatebLineTests;
			sourceTree = "<group>";
		};
		55415B8A1C3961F90079B118 /* HatebLineUITests */ = {
			isa = PBXGroup;
			children = (
				55415B8B1C3961F90079B118 /* HatebLineUITests.swift */,
				55415B8D1C3961F90079B118 /* Info.plist */,
			);
			path = HatebLineUITests;
			sourceTree = "<group>";
		};
		55415B9B1C3962780079B118 /* Frameworks */ = {
			isa = PBXGroup;
			children = (
				552453741C4E211B00F4EAA1 /* WebKit.framework */,
				5517EF17216F2DA600828501 /* Cocoa.framework */,
			);
			name = Frameworks;
			sourceTree = "<group>";
		};
		55556F521C4FD33C00419440 /* Views */ = {
			isa = PBXGroup;
			children = (
				55E079C91C3CFBD900A72C05 /* BookmarkCellView.swift */,
				55AB0D941C63828D00132CE0 /* CommentCellView.swift */,
				55556F501C4FD33600419440 /* GrowingTextField.swift */,
				55D2E7401C51FDBE006D2475 /* JKTableView.swift */,
				5542D74D1C5DB0F40056CA91 /* TablePopoverSegue.swift */,
				5542D74F1C5F195D0056CA91 /* ManyNumberToColorTransformer.swift */,
			);
			name = Views;
			sourceTree = "<group>";
		};
		557906851C656507003DA09F /* Acknowledgments */ = {
			isa = PBXGroup;
			children = (
				557906861C656507003DA09F /* Acknowledgments.rtf */,
				557906881C656525003DA09F /* AcknowledgmentsViewController.swift */,
			);
			path = Acknowledgments;
			sourceTree = "<group>";
		};
		55C0AB7921C08AAC00716637 /* Helpers */ = {
			isa = PBXGroup;
			children = (
				55F8E5BB1C658B71009D2F79 /* Helper.swift */,
				55EC3B011C6C7DA4009EB474 /* SharedUserDefaultsControllerProxy.swift */,
				55D2E7421C523187006D2475 /* NSDate+Extension.swift */,
				55D2E7431C523187006D2475 /* NSDateTimeAgo.bundle */,
				55D74DC121CA36F20001D2E3 /* NSImage+Extension.swift */,
			);
			path = Helpers;
			sourceTree = "<group>";
		};
		55C0AB7A21C08E7200716637 /* Resources */ = {
			isa = PBXGroup;
			children = (
				55415B721C3961F90079B118 /* Assets.xcassets */,
				55FA8FC31C3FC77600F9C5E5 /* Storyboard.storyboard */,
				55415B771C3961F90079B118 /* Info.plist */,
				5598488C2650BC1A00B07B5A /* Config.swift */,
			);
			path = Resources;
			sourceTree = "<group>";
		};
		55C0AB7B21C08EBE00716637 /* Controllers */ = {
			isa = PBXGroup;
			children = (
				55E9B8DB1C3FE42F00742E49 /* TimelineViewController.swift */,
				55E9B8DD1C3FE9C400742E49 /* MainWindowController.swift */,
				552453721C4E1E9E00F4EAA1 /* WebViewController.swift */,
				552251671C5D1133004C2B48 /* QuickLookWebViewController.swift */,
				55AB0D8D1C63146E00132CE0 /* CommentsViewController.swift */,
			);
			path = Controllers;
			sourceTree = "<group>";
		};
		55C0AB7C21C08F1900716637 /* Bootstrap */ = {
			isa = PBXGroup;
			children = (
				55415B6D1C3961F90079B118 /* AppDelegate.swift */,
			);
			path = Bootstrap;
			sourceTree = "<group>";
		};
		55C0AB7D21C08F5F00716637 /* Utils */ = {
			isa = PBXGroup;
			children = (
				55415B9F1C3A3C880079B118 /* RSSParser.swift */,
			);
			path = Utils;
			sourceTree = "<group>";
		};
/* End PBXGroup section */

/* Begin PBXNativeTarget section */
		5517EF15216F2DA600828501 /* HatebLine for Safari */ = {
			isa = PBXNativeTarget;
			buildConfigurationList = 5517EF2C216F2DA600828501 /* Build configuration list for PBXNativeTarget "HatebLine for Safari" */;
			buildPhases = (
				5517EF12216F2DA600828501 /* Sources */,
				5517EF13216F2DA600828501 /* Frameworks */,
				5517EF14216F2DA600828501 /* Resources */,
			);
			buildRules = (
			);
			dependencies = (
			);
			name = "HatebLine for Safari";
			packageProductDependencies = (
				555BC15D2650102600715457 /* Alamofire */,
			);
			productName = "HatebLine for Safari";
			productReference = 5517EF16216F2DA600828501 /* HatebLine for Safari.appex */;
			productType = "com.apple.product-type.app-extension";
		};
		55415B691C3961F90079B118 /* HatebLine */ = {
			isa = PBXNativeTarget;
			buildConfigurationList = 55415B901C3961F90079B118 /* Build configuration list for PBXNativeTarget "HatebLine" */;
			buildPhases = (
				900E194E1F3D8B5700932F34 /* ShellScript */,
				55415B661C3961F90079B118 /* Sources */,
				55415B671C3961F90079B118 /* Frameworks */,
				55415B681C3961F90079B118 /* Resources */,
				55415B9E1C3962970079B118 /* Embed Frameworks */,
				5517EF2D216F2DA600828501 /* Embed App Extensions */,
			);
			buildRules = (
			);
			dependencies = (
				5517EF28216F2DA600828501 /* PBXTargetDependency */,
			);
			name = HatebLine;
			packageProductDependencies = (
				555BC14626500DFB00715457 /* Alamofire */,
				555BC14C26500E0E00715457 /* AlamofireImage */,
				555BC14F26500FD200715457 /* Himotoki */,
				559848702650125100B07B5A /* Question */,
			);
			productName = HatebLine;
			productReference = 55415B6A1C3961F90079B118 /* HatebLine.app */;
			productType = "com.apple.product-type.application";
		};
		55415B7B1C3961F90079B118 /* HatebLineTests */ = {
			isa = PBXNativeTarget;
			buildConfigurationList = 55415B931C3961F90079B118 /* Build configuration list for PBXNativeTarget "HatebLineTests" */;
			buildPhases = (
				55415B781C3961F90079B118 /* Sources */,
				55415B791C3961F90079B118 /* Frameworks */,
				55415B7A1C3961F90079B118 /* Resources */,
			);
			buildRules = (
			);
			dependencies = (
				55415B7E1C3961F90079B118 /* PBXTargetDependency */,
			);
			name = HatebLineTests;
			productName = HatebLineTests;
			productReference = 55415B7C1C3961F90079B118 /* HatebLineTests.xctest */;
			productType = "com.apple.product-type.bundle.unit-test";
		};
		55415B861C3961F90079B118 /* HatebLineUITests */ = {
			isa = PBXNativeTarget;
			buildConfigurationList = 55415B961C3961F90079B118 /* Build configuration list for PBXNativeTarget "HatebLineUITests" */;
			buildPhases = (
				55415B831C3961F90079B118 /* Sources */,
				55415B841C3961F90079B118 /* Frameworks */,
				55415B851C3961F90079B118 /* Resources */,
			);
			buildRules = (
			);
			dependencies = (
				55415B891C3961F90079B118 /* PBXTargetDependency */,
			);
			name = HatebLineUITests;
			productName = HatebLineUITests;
			productReference = 55415B871C3961F90079B118 /* HatebLineUITests.xctest */;
			productType = "com.apple.product-type.bundle.ui-testing";
		};
/* End PBXNativeTarget section */

/* Begin PBXProject section */
		55415B621C3961F90079B118 /* Project object */ = {
			isa = PBXProject;
			attributes = {
				LastSwiftUpdateCheck = 1000;
				LastUpgradeCheck = 0940;
				ORGANIZATIONNAME = "北䑓 如法";
				TargetAttributes = {
					5517EF15216F2DA600828501 = {
						CreatedOnToolsVersion = 10.0;
						DevelopmentTeam = 5L9DL58E3J;
					};
					55415B691C3961F90079B118 = {
						CreatedOnToolsVersion = 7.2;
						LastSwiftMigration = 0940;
					};
					55415B7B1C3961F90079B118 = {
						CreatedOnToolsVersion = 7.2;
						LastSwiftMigration = 0940;
						TestTargetID = 55415B691C3961F90079B118;
					};
					55415B861C3961F90079B118 = {
						CreatedOnToolsVersion = 7.2;
						LastSwiftMigration = 0940;
						TestTargetID = 55415B691C3961F90079B118;
					};
				};
			};
			buildConfigurationList = 55415B651C3961F90079B118 /* Build configuration list for PBXProject "HatebLine" */;
			compatibilityVersion = "Xcode 3.2";
			developmentRegion = en;
			hasScannedForEncodings = 0;
			knownRegions = (
				en,
				Base,
			);
			mainGroup = 55415B611C3961F90079B118;
			packageReferences = (
				555BC14526500DFB00715457 /* XCRemoteSwiftPackageReference "Alamofire" */,
				555BC14B26500E0E00715457 /* XCRemoteSwiftPackageReference "AlamofireImage" */,
				555BC14E26500FD200715457 /* XCRemoteSwiftPackageReference "Himotoki" */,
				5598486F2650125100B07B5A /* XCRemoteSwiftPackageReference "Question" */,
			);
			productRefGroup = 55415B6B1C3961F90079B118 /* Products */;
			projectDirPath = "";
			projectRoot = "";
			targets = (
				55415B691C3961F90079B118 /* HatebLine */,
				55415B7B1C3961F90079B118 /* HatebLineTests */,
				55415B861C3961F90079B118 /* HatebLineUITests */,
				5517EF15216F2DA600828501 /* HatebLine for Safari */,
			);
		};
/* End PBXProject section */

/* Begin PBXResourcesBuildPhase section */
		5517EF14216F2DA600828501 /* Resources */ = {
			isa = PBXResourcesBuildPhase;
			buildActionMask = 2147483647;
			files = (
				5517EF25216F2DA600828501 /* ToolbarItemIcon.pdf in Resources */,
				5517EF20216F2DA600828501 /* SafariExtensionViewController.xib in Resources */,
				5517EF23216F2DA600828501 /* script.js in Resources */,
			);
			runOnlyForDeploymentPostprocessing = 0;
		};
		55415B681C3961F90079B118 /* Resources */ = {
			isa = PBXResourcesBuildPhase;
			buildActionMask = 2147483647;
			files = (
				55415B731C3961F90079B118 /* Assets.xcassets in Resources */,
				557906871C656507003DA09F /* Acknowledgments.rtf in Resources */,
				55D2E7451C523187006D2475 /* NSDateTimeAgo.bundle in Resources */,
				55FA8FC41C3FC77600F9C5E5 /* Storyboard.storyboard in Resources */,
			);
			runOnlyForDeploymentPostprocessing = 0;
		};
		55415B7A1C3961F90079B118 /* Resources */ = {
			isa = PBXResourcesBuildPhase;
			buildActionMask = 2147483647;
			files = (
			);
			runOnlyForDeploymentPostprocessing = 0;
		};
		55415B851C3961F90079B118 /* Resources */ = {
			isa = PBXResourcesBuildPhase;
			buildActionMask = 2147483647;
			files = (
			);
			runOnlyForDeploymentPostprocessing = 0;
		};
/* End PBXResourcesBuildPhase section */

/* Begin PBXShellScriptBuildPhase section */
		900E194E1F3D8B5700932F34 /* ShellScript */ = {
			isa = PBXShellScriptBuildPhase;
			buildActionMask = 2147483647;
			files = (
			);
			inputPaths = (
			);
			outputPaths = (
			);
			runOnlyForDeploymentPostprocessing = 0;
			shellPath = /bin/sh;
			shellScript = "if which swiftformat >/dev/null; then\n  swiftformat . --exclude Carthage --swiftversion 4.2\nelse\n  echo \"warning: SwiftFormat not installed, download from https://github.com/nicklockwood/SwiftFormat\"\nfi\n";
		};
/* End PBXShellScriptBuildPhase section */

/* Begin PBXSourcesBuildPhase section */
		5517EF12216F2DA600828501 /* Sources */ = {
			isa = PBXSourcesBuildPhase;
			buildActionMask = 2147483647;
			files = (
				5517EF1D216F2DA600828501 /* SafariExtensionViewController.swift in Sources */,
				5517EF1B216F2DA600828501 /* SafariExtensionHandler.swift in Sources */,
			);
			runOnlyForDeploymentPostprocessing = 0;
		};
		55415B661C3961F90079B118 /* Sources */ = {
			isa = PBXSourcesBuildPhase;
			buildActionMask = 2147483647;
			files = (
				55AB0D8E1C63146E00132CE0 /* CommentsViewController.swift in Sources */,
				551E72041C5267FC00C366EF /* AccountPrefViewController.swift in Sources */,
				5598488D2650BC1A00B07B5A /* Config.swift in Sources */,
				55D74DC221CA36F30001D2E3 /* NSImage+Extension.swift in Sources */,
				55AB0D951C63828D00132CE0 /* CommentCellView.swift in Sources */,
				55415B711C3961F90079B118 /* HatebLine.xcdatamodeld in Sources */,
				5542D7501C5F195D0056CA91 /* ManyNumberToColorTransformer.swift in Sources */,
				55F8E5BC1C658B71009D2F79 /* Helper.swift in Sources */,
				552F4A1B1C5C6100006962E9 /* Tag+CoreDataProperties.swift in Sources */,
				552453731C4E1E9E00F4EAA1 /* WebViewController.swift in Sources */,
				55415BA01C3A3C880079B118 /* RSSParser.swift in Sources */,
				551E72071C52682200C366EF /* NotificationPrefViewController.swift in Sources */,
				55EC3B021C6C7DA4009EB474 /* SharedUserDefaultsControllerProxy.swift in Sources */,
				552251681C5D1133004C2B48 /* QuickLookWebViewController.swift in Sources */,
				55D2E73C1C51DC76006D2475 /* Page+CoreDataProperties.swift in Sources */,
				55D2E73D1C51DC76006D2475 /* Page.swift in Sources */,
				55556F511C4FD33600419440 /* GrowingTextField.swift in Sources */,
				55E9B8DE1C3FE9C400742E49 /* MainWindowController.swift in Sources */,
				55D2E7411C51FDBE006D2475 /* JKTableView.swift in Sources */,
				55D2E7441C523187006D2475 /* NSDate+Extension.swift in Sources */,
				552F4A1E1C5C624A006962E9 /* Bookmark+CoreDataProperties.swift in Sources */,
				55DE81BC1C6CA07A008D8392 /* GeneralPrefViewController.swift in Sources */,
				552F4A1C1C5C6100006962E9 /* Tag.swift in Sources */,
				55E079CA1C3CFBD900A72C05 /* BookmarkCellView.swift in Sources */,
				5542D74E1C5DB0F40056CA91 /* TablePopoverSegue.swift in Sources */,
				55415B6E1C3961F90079B118 /* AppDelegate.swift in Sources */,
				55E9B8DC1C3FE42F00742E49 /* TimelineViewController.swift in Sources */,
				551DB5051C437E4500B198A8 /* User+CoreDataProperties.swift in Sources */,
				551DB4FB1C42CD0300B198A8 /* Bookmark.swift in Sources */,
				551DB5011C4374F400B198A8 /* User.swift in Sources */,
				557906891C656525003DA09F /* AcknowledgmentsViewController.swift in Sources */,
			);
			runOnlyForDeploymentPostprocessing = 0;
		};
		55415B781C3961F90079B118 /* Sources */ = {
			isa = PBXSourcesBuildPhase;
			buildActionMask = 2147483647;
			files = (
				55415B811C3961F90079B118 /* HatebLineTests.swift in Sources */,
			);
			runOnlyForDeploymentPostprocessing = 0;
		};
		55415B831C3961F90079B118 /* Sources */ = {
			isa = PBXSourcesBuildPhase;
			buildActionMask = 2147483647;
			files = (
				55415B8C1C3961F90079B118 /* HatebLineUITests.swift in Sources */,
			);
			runOnlyForDeploymentPostprocessing = 0;
		};
/* End PBXSourcesBuildPhase section */

/* Begin PBXTargetDependency section */
		5517EF28216F2DA600828501 /* PBXTargetDependency */ = {
			isa = PBXTargetDependency;
			target = 5517EF15216F2DA600828501 /* HatebLine for Safari */;
			targetProxy = 5517EF27216F2DA600828501 /* PBXContainerItemProxy */;
		};
		55415B7E1C3961F90079B118 /* PBXTargetDependency */ = {
			isa = PBXTargetDependency;
			target = 55415B691C3961F90079B118 /* HatebLine */;
			targetProxy = 55415B7D1C3961F90079B118 /* PBXContainerItemProxy */;
		};
		55415B891C3961F90079B118 /* PBXTargetDependency */ = {
			isa = PBXTargetDependency;
			target = 55415B691C3961F90079B118 /* HatebLine */;
			targetProxy = 55415B881C3961F90079B118 /* PBXContainerItemProxy */;
		};
/* End PBXTargetDependency section */

/* Begin PBXVariantGroup section */
		5517EF1E216F2DA600828501 /* SafariExtensionViewController.xib */ = {
			isa = PBXVariantGroup;
			children = (
				5517EF1F216F2DA600828501 /* Base */,
			);
			name = SafariExtensionViewController.xib;
			sourceTree = "<group>";
		};
/* End PBXVariantGroup section */

/* Begin XCBuildConfiguration section */
		5517EF2A216F2DA600828501 /* Debug */ = {
			isa = XCBuildConfiguration;
			buildSettings = {
				CLANG_ANALYZER_NONNULL = YES;
				CLANG_ANALYZER_NUMBER_OBJECT_CONVERSION = YES_AGGRESSIVE;
				CLANG_CXX_LANGUAGE_STANDARD = "gnu++14";
				CLANG_ENABLE_OBJC_WEAK = YES;
				CLANG_WARN_DOCUMENTATION_COMMENTS = YES;
				CLANG_WARN_UNGUARDED_AVAILABILITY = YES_AGGRESSIVE;
				CODE_SIGN_ENTITLEMENTS = "HatebLine for Safari/HatebLine_for_Safari.entitlements";
				CODE_SIGN_IDENTITY = "Apple Development";
				CODE_SIGN_STYLE = Automatic;
				DEVELOPMENT_TEAM = "";
				GCC_C_LANGUAGE_STANDARD = gnu11;
				INFOPLIST_FILE = "HatebLine for Safari/Info.plist";
				LD_RUNPATH_SEARCH_PATHS = (
					"$(inherited)",
					"@executable_path/../Frameworks",
					"@executable_path/../../../../Frameworks",
				);
				MACOSX_DEPLOYMENT_TARGET = 10.13;
				MTL_ENABLE_DEBUG_INFO = INCLUDE_SOURCE;
				MTL_FAST_MATH = YES;
				PRODUCT_BUNDLE_IDENTIFIER = "jp.nyoho.HatebLine.HatebLine-for-Safari";
				PRODUCT_NAME = "$(TARGET_NAME)";
				PROVISIONING_PROFILE_SPECIFIER = "";
				SKIP_INSTALL = YES;
				SWIFT_ACTIVE_COMPILATION_CONDITIONS = DEBUG;
				SWIFT_VERSION = 4.2;
			};
			name = Debug;
		};
		5517EF2B216F2DA600828501 /* Release */ = {
			isa = XCBuildConfiguration;
			buildSettings = {
				CLANG_ANALYZER_NONNULL = YES;
				CLANG_ANALYZER_NUMBER_OBJECT_CONVERSION = YES_AGGRESSIVE;
				CLANG_CXX_LANGUAGE_STANDARD = "gnu++14";
				CLANG_ENABLE_OBJC_WEAK = YES;
				CLANG_WARN_DOCUMENTATION_COMMENTS = YES;
				CLANG_WARN_UNGUARDED_AVAILABILITY = YES_AGGRESSIVE;
				CODE_SIGN_ENTITLEMENTS = "HatebLine for Safari/HatebLine_for_Safari.entitlements";
				CODE_SIGN_IDENTITY = "Mac Developer";
				CODE_SIGN_STYLE = Manual;
				DEVELOPMENT_TEAM = 5L9DL58E3J;
				GCC_C_LANGUAGE_STANDARD = gnu11;
				INFOPLIST_FILE = "HatebLine for Safari/Info.plist";
				LD_RUNPATH_SEARCH_PATHS = (
					"$(inherited)",
					"@executable_path/../Frameworks",
					"@executable_path/../../../../Frameworks",
				);
				MACOSX_DEPLOYMENT_TARGET = 10.13;
				MTL_FAST_MATH = YES;
				PRODUCT_BUNDLE_IDENTIFIER = "jp.nyoho.HatebLine.HatebLine-for-Safari";
				PRODUCT_NAME = "$(TARGET_NAME)";
				PROVISIONING_PROFILE_SPECIFIER = "";
				SKIP_INSTALL = YES;
				SWIFT_OPTIMIZATION_LEVEL = "-O";
				SWIFT_VERSION = 4.2;
			};
			name = Release;
		};
		55415B8E1C3961F90079B118 /* Debug */ = {
			isa = XCBuildConfiguration;
			buildSettings = {
				ALWAYS_SEARCH_USER_PATHS = NO;
				CLANG_CXX_LANGUAGE_STANDARD = "gnu++0x";
				CLANG_CXX_LIBRARY = "libc++";
				CLANG_ENABLE_MODULES = YES;
				CLANG_ENABLE_OBJC_ARC = YES;
				CLANG_WARN_BLOCK_CAPTURE_AUTORELEASING = YES;
				CLANG_WARN_BOOL_CONVERSION = YES;
				CLANG_WARN_COMMA = YES;
				CLANG_WARN_CONSTANT_CONVERSION = YES;
				CLANG_WARN_DEPRECATED_OBJC_IMPLEMENTATIONS = YES;
				CLANG_WARN_DIRECT_OBJC_ISA_USAGE = YES_ERROR;
				CLANG_WARN_EMPTY_BODY = YES;
				CLANG_WARN_ENUM_CONVERSION = YES;
				CLANG_WARN_INFINITE_RECURSION = YES;
				CLANG_WARN_INT_CONVERSION = YES;
				CLANG_WARN_NON_LITERAL_NULL_CONVERSION = YES;
				CLANG_WARN_OBJC_IMPLICIT_RETAIN_SELF = YES;
				CLANG_WARN_OBJC_LITERAL_CONVERSION = YES;
				CLANG_WARN_OBJC_ROOT_CLASS = YES_ERROR;
				CLANG_WARN_RANGE_LOOP_ANALYSIS = YES;
				CLANG_WARN_STRICT_PROTOTYPES = YES;
				CLANG_WARN_SUSPICIOUS_MOVE = YES;
				CLANG_WARN_UNREACHABLE_CODE = YES;
				CLANG_WARN__DUPLICATE_METHOD_MATCH = YES;
				CODE_SIGN_IDENTITY = "-";
				COPY_PHASE_STRIP = NO;
				DEBUG_INFORMATION_FORMAT = dwarf;
				ENABLE_STRICT_OBJC_MSGSEND = YES;
				ENABLE_TESTABILITY = YES;
				GCC_C_LANGUAGE_STANDARD = gnu99;
				GCC_DYNAMIC_NO_PIC = NO;
				GCC_NO_COMMON_BLOCKS = YES;
				GCC_OPTIMIZATION_LEVEL = 0;
				GCC_PREPROCESSOR_DEFINITIONS = (
					"DEBUG=1",
					"$(inherited)",
				);
				GCC_WARN_64_TO_32_BIT_CONVERSION = YES;
				GCC_WARN_ABOUT_RETURN_TYPE = YES_ERROR;
				GCC_WARN_UNDECLARED_SELECTOR = YES;
				GCC_WARN_UNINITIALIZED_AUTOS = YES_AGGRESSIVE;
				GCC_WARN_UNUSED_FUNCTION = YES;
				GCC_WARN_UNUSED_VARIABLE = YES;
				MACOSX_DEPLOYMENT_TARGET = 10.13;
				MTL_ENABLE_DEBUG_INFO = YES;
				ONLY_ACTIVE_ARCH = YES;
				SDKROOT = macosx;
				SWIFT_OPTIMIZATION_LEVEL = "-Onone";
				SWIFT_SWIFT3_OBJC_INFERENCE = Default;
				SWIFT_VERSION = "";
			};
			name = Debug;
		};
		55415B8F1C3961F90079B118 /* Release */ = {
			isa = XCBuildConfiguration;
			buildSettings = {
				ALWAYS_SEARCH_USER_PATHS = NO;
				CLANG_CXX_LANGUAGE_STANDARD = "gnu++0x";
				CLANG_CXX_LIBRARY = "libc++";
				CLANG_ENABLE_MODULES = YES;
				CLANG_ENABLE_OBJC_ARC = YES;
				CLANG_WARN_BLOCK_CAPTURE_AUTORELEASING = YES;
				CLANG_WARN_BOOL_CONVERSION = YES;
				CLANG_WARN_COMMA = YES;
				CLANG_WARN_CONSTANT_CONVERSION = YES;
				CLANG_WARN_DEPRECATED_OBJC_IMPLEMENTATIONS = YES;
				CLANG_WARN_DIRECT_OBJC_ISA_USAGE = YES_ERROR;
				CLANG_WARN_EMPTY_BODY = YES;
				CLANG_WARN_ENUM_CONVERSION = YES;
				CLANG_WARN_INFINITE_RECURSION = YES;
				CLANG_WARN_INT_CONVERSION = YES;
				CLANG_WARN_NON_LITERAL_NULL_CONVERSION = YES;
				CLANG_WARN_OBJC_IMPLICIT_RETAIN_SELF = YES;
				CLANG_WARN_OBJC_LITERAL_CONVERSION = YES;
				CLANG_WARN_OBJC_ROOT_CLASS = YES_ERROR;
				CLANG_WARN_RANGE_LOOP_ANALYSIS = YES;
				CLANG_WARN_STRICT_PROTOTYPES = YES;
				CLANG_WARN_SUSPICIOUS_MOVE = YES;
				CLANG_WARN_UNREACHABLE_CODE = YES;
				CLANG_WARN__DUPLICATE_METHOD_MATCH = YES;
				CODE_SIGN_IDENTITY = "-";
				COPY_PHASE_STRIP = NO;
				DEBUG_INFORMATION_FORMAT = "dwarf-with-dsym";
				ENABLE_NS_ASSERTIONS = NO;
				ENABLE_STRICT_OBJC_MSGSEND = YES;
				GCC_C_LANGUAGE_STANDARD = gnu99;
				GCC_NO_COMMON_BLOCKS = YES;
				GCC_WARN_64_TO_32_BIT_CONVERSION = YES;
				GCC_WARN_ABOUT_RETURN_TYPE = YES_ERROR;
				GCC_WARN_UNDECLARED_SELECTOR = YES;
				GCC_WARN_UNINITIALIZED_AUTOS = YES_AGGRESSIVE;
				GCC_WARN_UNUSED_FUNCTION = YES;
				GCC_WARN_UNUSED_VARIABLE = YES;
				MACOSX_DEPLOYMENT_TARGET = 10.13;
				MTL_ENABLE_DEBUG_INFO = NO;
				SDKROOT = macosx;
				SWIFT_COMPILATION_MODE = wholemodule;
				SWIFT_SWIFT3_OBJC_INFERENCE = Default;
				SWIFT_VERSION = "";
			};
			name = Release;
		};
		55415B911C3961F90079B118 /* Debug */ = {
			isa = XCBuildConfiguration;
			buildSettings = {
				ALWAYS_EMBED_SWIFT_STANDARD_LIBRARIES = YES;
				ASSETCATALOG_COMPILER_APPICON_NAME = AppIcon;
				CODE_SIGN_IDENTITY = "Apple Development";
				COMBINE_HIDPI_IMAGES = YES;
				DEVELOPMENT_TEAM = 5L9DL58E3J;
				INFOPLIST_FILE = HatebLine/Resources/Info.plist;
				LD_RUNPATH_SEARCH_PATHS = (
					"$(inherited)",
					"@executable_path/../Frameworks",
				);
				MACOSX_DEPLOYMENT_TARGET = 10.13;
				PRODUCT_BUNDLE_IDENTIFIER = jp.nyoho.HatebLine;
				PRODUCT_NAME = "$(TARGET_NAME)";
				SWIFT_SWIFT3_OBJC_INFERENCE = Default;
				SWIFT_VERSION = 4.2;
			};
			name = Debug;
		};
		55415B921C3961F90079B118 /* Release */ = {
			isa = XCBuildConfiguration;
			buildSettings = {
				ALWAYS_EMBED_SWIFT_STANDARD_LIBRARIES = YES;
				ASSETCATALOG_COMPILER_APPICON_NAME = AppIcon;
				CODE_SIGN_IDENTITY = "Apple Development";
				COMBINE_HIDPI_IMAGES = YES;
				DEVELOPMENT_TEAM = 5L9DL58E3J;
				INFOPLIST_FILE = HatebLine/Resources/Info.plist;
				LD_RUNPATH_SEARCH_PATHS = (
					"$(inherited)",
					"@executable_path/../Frameworks",
				);
				MACOSX_DEPLOYMENT_TARGET = 10.13;
				PRODUCT_BUNDLE_IDENTIFIER = jp.nyoho.HatebLine;
				PRODUCT_NAME = "$(TARGET_NAME)";
				SWIFT_SWIFT3_OBJC_INFERENCE = Default;
				SWIFT_VERSION = 4.2;
			};
			name = Release;
		};
		55415B941C3961F90079B118 /* Debug */ = {
			isa = XCBuildConfiguration;
			buildSettings = {
				BUNDLE_LOADER = "$(TEST_HOST)";
				COMBINE_HIDPI_IMAGES = YES;
				FRAMEWORK_SEARCH_PATHS = (
					"$(inherited)",
					"$(PROJECT_DIR)/Carthage/Build/Mac",
				);
				INFOPLIST_FILE = HatebLineTests/Info.plist;
				LD_RUNPATH_SEARCH_PATHS = (
					"$(inherited)",
					"@executable_path/../Frameworks",
					"@loader_path/../Frameworks",
				);
				PRODUCT_BUNDLE_IDENTIFIER = jp.nyoho.HatebLineTests;
				PRODUCT_NAME = "$(TARGET_NAME)";
				SWIFT_SWIFT3_OBJC_INFERENCE = Default;
				SWIFT_VERSION = 4.2;
				TEST_HOST = "$(BUILT_PRODUCTS_DIR)/HatebLine.app/Contents/MacOS/HatebLine";
			};
			name = Debug;
		};
		55415B951C3961F90079B118 /* Release */ = {
			isa = XCBuildConfiguration;
			buildSettings = {
				BUNDLE_LOADER = "$(TEST_HOST)";
				COMBINE_HIDPI_IMAGES = YES;
				FRAMEWORK_SEARCH_PATHS = (
					"$(inherited)",
					"$(PROJECT_DIR)/Carthage/Build/Mac",
				);
				INFOPLIST_FILE = HatebLineTests/Info.plist;
				LD_RUNPATH_SEARCH_PATHS = (
					"$(inherited)",
					"@executable_path/../Frameworks",
					"@loader_path/../Frameworks",
				);
				PRODUCT_BUNDLE_IDENTIFIER = jp.nyoho.HatebLineTests;
				PRODUCT_NAME = "$(TARGET_NAME)";
				SWIFT_SWIFT3_OBJC_INFERENCE = Default;
				SWIFT_VERSION = 4.2;
				TEST_HOST = "$(BUILT_PRODUCTS_DIR)/HatebLine.app/Contents/MacOS/HatebLine";
			};
			name = Release;
		};
		55415B971C3961F90079B118 /* Debug */ = {
			isa = XCBuildConfiguration;
			buildSettings = {
				COMBINE_HIDPI_IMAGES = YES;
				INFOPLIST_FILE = HatebLineUITests/Info.plist;
				LD_RUNPATH_SEARCH_PATHS = (
					"$(inherited)",
					"@executable_path/../Frameworks",
					"@loader_path/../Frameworks",
				);
				PRODUCT_BUNDLE_IDENTIFIER = jp.nyoho.HatebLineUITests;
				PRODUCT_NAME = "$(TARGET_NAME)";
				SWIFT_SWIFT3_OBJC_INFERENCE = Default;
				SWIFT_VERSION = 4.2;
				TEST_TARGET_NAME = HatebLine;
				USES_XCTRUNNER = YES;
			};
			name = Debug;
		};
		55415B981C3961F90079B118 /* Release */ = {
			isa = XCBuildConfiguration;
			buildSettings = {
				COMBINE_HIDPI_IMAGES = YES;
				INFOPLIST_FILE = HatebLineUITests/Info.plist;
				LD_RUNPATH_SEARCH_PATHS = (
					"$(inherited)",
					"@executable_path/../Frameworks",
					"@loader_path/../Frameworks",
				);
				PRODUCT_BUNDLE_IDENTIFIER = jp.nyoho.HatebLineUITests;
				PRODUCT_NAME = "$(TARGET_NAME)";
				SWIFT_SWIFT3_OBJC_INFERENCE = Default;
				SWIFT_VERSION = 4.2;
				TEST_TARGET_NAME = HatebLine;
				USES_XCTRUNNER = YES;
			};
			name = Release;
		};
/* End XCBuildConfiguration section */

/* Begin XCConfigurationList section */
		5517EF2C216F2DA600828501 /* Build configuration list for PBXNativeTarget "HatebLine for Safari" */ = {
			isa = XCConfigurationList;
			buildConfigurations = (
				5517EF2A216F2DA600828501 /* Debug */,
				5517EF2B216F2DA600828501 /* Release */,
			);
			defaultConfigurationIsVisible = 0;
			defaultConfigurationName = Release;
		};
		55415B651C3961F90079B118 /* Build configuration list for PBXProject "HatebLine" */ = {
			isa = XCConfigurationList;
			buildConfigurations = (
				55415B8E1C3961F90079B118 /* Debug */,
				55415B8F1C3961F90079B118 /* Release */,
			);
			defaultConfigurationIsVisible = 0;
			defaultConfigurationName = Release;
		};
		55415B901C3961F90079B118 /* Build configuration list for PBXNativeTarget "HatebLine" */ = {
			isa = XCConfigurationList;
			buildConfigurations = (
				55415B911C3961F90079B118 /* Debug */,
				55415B921C3961F90079B118 /* Release */,
			);
			defaultConfigurationIsVisible = 0;
			defaultConfigurationName = Release;
		};
		55415B931C3961F90079B118 /* Build configuration list for PBXNativeTarget "HatebLineTests" */ = {
			isa = XCConfigurationList;
			buildConfigurations = (
				55415B941C3961F90079B118 /* Debug */,
				55415B951C3961F90079B118 /* Release */,
			);
			defaultConfigurationIsVisible = 0;
			defaultConfigurationName = Release;
		};
		55415B961C3961F90079B118 /* Build configuration list for PBXNativeTarget "HatebLineUITests" */ = {
			isa = XCConfigurationList;
			buildConfigurations = (
				55415B971C3961F90079B118 /* Debug */,
				55415B981C3961F90079B118 /* Release */,
			);
			defaultConfigurationIsVisible = 0;
			defaultConfigurationName = Release;
		};
/* End XCConfigurationList section */

/* Begin XCRemoteSwiftPackageReference section */
		555BC14526500DFB00715457 /* XCRemoteSwiftPackageReference "Alamofire" */ = {
			isa = XCRemoteSwiftPackageReference;
			repositoryURL = "https://github.com/Alamofire/Alamofire";
			requirement = {
				kind = upToNextMajorVersion;
				minimumVersion = 5.4.3;
			};
		};
		555BC14B26500E0E00715457 /* XCRemoteSwiftPackageReference "AlamofireImage" */ = {
			isa = XCRemoteSwiftPackageReference;
			repositoryURL = "https://github.com/Alamofire/AlamofireImage";
			requirement = {
				kind = upToNextMajorVersion;
				minimumVersion = 4.2.0;
			};
		};
		555BC14E26500FD200715457 /* XCRemoteSwiftPackageReference "Himotoki" */ = {
			isa = XCRemoteSwiftPackageReference;
			repositoryURL = "https://github.com/ikesyo/Himotoki";
			requirement = {
				kind = upToNextMajorVersion;
				minimumVersion = 4.0.0;
			};
		};
		5598486F2650125100B07B5A /* XCRemoteSwiftPackageReference "Question" */ = {
			isa = XCRemoteSwiftPackageReference;
			repositoryURL = "https://github.com/Nyoho/Question";
			requirement = {
				branch = master;
				kind = branch;
			};
		};
/* End XCRemoteSwiftPackageReference section */

/* Begin XCSwiftPackageProductDependency section */
		555BC14626500DFB00715457 /* Alamofire */ = {
			isa = XCSwiftPackageProductDependency;
			package = 555BC14526500DFB00715457 /* XCRemoteSwiftPackageReference "Alamofire" */;
			productName = Alamofire;
		};
		555BC14C26500E0E00715457 /* AlamofireImage */ = {
			isa = XCSwiftPackageProductDependency;
			package = 555BC14B26500E0E00715457 /* XCRemoteSwiftPackageReference "AlamofireImage" */;
			productName = AlamofireImage;
		};
		555BC14F26500FD200715457 /* Himotoki */ = {
			isa = XCSwiftPackageProductDependency;
			package = 555BC14E26500FD200715457 /* XCRemoteSwiftPackageReference "Himotoki" */;
			productName = Himotoki;
		};
		555BC15D2650102600715457 /* Alamofire */ = {
			isa = XCSwiftPackageProductDependency;
			package = 555BC14526500DFB00715457 /* XCRemoteSwiftPackageReference "Alamofire" */;
			productName = Alamofire;
		};
		559848702650125100B07B5A /* Question */ = {
			isa = XCSwiftPackageProductDependency;
			package = 5598486F2650125100B07B5A /* XCRemoteSwiftPackageReference "Question" */;
			productName = Question;
		};
/* End XCSwiftPackageProductDependency section */

/* Begin XCVersionGroup section */
		55415B6F1C3961F90079B118 /* HatebLine.xcdatamodeld */ = {
			isa = XCVersionGroup;
			children = (
				55415B701C3961F90079B118 /* HatebLine.xcdatamodel */,
			);
			currentVersion = 55415B701C3961F90079B118 /* HatebLine.xcdatamodel */;
			path = HatebLine.xcdatamodeld;
			sourceTree = "<group>";
			versionGroupType = wrapper.xcdatamodel;
		};
/* End XCVersionGroup section */
	};
	rootObject = 55415B621C3961F90079B118 /* Project object */;
}
